
Microsoft Visual Studio Solution File, Format Version 12.00
# Visual Studio Version 17
VisualStudioVersion = 17.7.34221.43
MinimumVisualStudioVersion = 10.0.40219.1
Project("{F184B08F-C81C-45F6-A57F-5ABD9991F28F}") = "DiscordSessionOpener", "DiscordSessionOpener\DiscordSessionOpener.vbproj", "{8FF5CF06-B5B4-430F-BA83-42E898E4C48E}"
EndProject
Global
	GlobalSection(SolutionConfigurationPlatforms) = preSolution
		Debug|Any CPU = Debug|Any CPU
		Release|Any CPU = Release|Any CPU
	EndGlobalSection
	GlobalSection(ProjectConfigurationPlatforms) = postSolution
		{8FF5CF06-B5B4-430F-BA83-42E898E4C48E}.Debug|Any CPU.ActiveCfg = Debug|Any CPU
		{8FF5CF06-B5B4-430F-BA83-42E898E4C48E}.Debug|Any CPU.Build.0 = Debug|Any CPU
		{8FF5CF06-B5B4-430F-BA83-42E898E4C48E}.Release|Any CPU.ActiveCfg = Release|Any CPU
		{8FF5CF06-B5B4-430F-BA83-42E898E4C48E}.Release|Any CPU.Build.0 = Release|Any CPU
	EndGlobalSection
	GlobalSection(SolutionProperties) = preSolution
		HideSolutionNode = FALSE
	EndGlobalSection
	GlobalSection(ExtensibilityGlobals) = postSolution
		SolutionGuid = {F0C52F4D-BEF9-45EF-9EE2-7F3648D7AD20}
	EndGlobalSection
EndGlobal
